// !$*UTF8*$!
{
	archiveVersion = 1;
	classes = {
	};
	objectVersion = 48;
	objects = {

/* Begin PBXBuildFile section */
		B47636132019966E00EC5141 /* AppDelegate.swift in Sources */ = {isa = PBXBuildFile; fileRef = B47636122019966E00EC5141 /* AppDelegate.swift */; };
		B47636152019966E00EC5141 /* ViewController.swift in Sources */ = {isa = PBXBuildFile; fileRef = B47636142019966E00EC5141 /* ViewController.swift */; };
		B47636172019966E00EC5141 /* Assets.xcassets in Resources */ = {isa = PBXBuildFile; fileRef = B47636162019966E00EC5141 /* Assets.xcassets */; };
		B476361A2019966E00EC5141 /* Main.storyboard in Resources */ = {isa = PBXBuildFile; fileRef = B47636182019966E00EC5141 /* Main.storyboard */; };
		B4763623201996A200EC5141 /* FileListView.swift in Sources */ = {isa = PBXBuildFile; fileRef = B4763622201996A200EC5141 /* FileListView.swift */; };
		B47636272019B38D00EC5141 /* PasswordView.swift in Sources */ = {isa = PBXBuildFile; fileRef = B47636262019B38D00EC5141 /* PasswordView.swift */; };
		B476362D2019D36300EC5141 /* LogDecoder.swift in Sources */ = {isa = PBXBuildFile; fileRef = B476362B2019D36300EC5141 /* LogDecoder.swift */; };
		B476362E2019D36300EC5141 /* DataCompression.swift in Sources */ = {isa = PBXBuildFile; fileRef = B476362C2019D36300EC5141 /* DataCompression.swift */; };
		C88CB213F74E2F114E4C650B /* Pods_xlogviewer.framework in Frameworks */ = {isa = PBXBuildFile; fileRef = 376A3E47E53C516F8827AE67 /* Pods_xlogviewer.framework */; };
/* End PBXBuildFile section */

/* Begin PBXFileReference section */
		376A3E47E53C516F8827AE67 /* Pods_xlogviewer.framework */ = {isa = PBXFileReference; explicitFileType = wrapper.framework; includeInIndex = 0; path = Pods_xlogviewer.framework; sourceTree = BUILT_PRODUCTS_DIR; };
		A019B5F95BBED0E29CC5F66F /* Pods-xlogviewer.release.xcconfig */ = {isa = PBXFileReference; includeInIndex = 1; lastKnownFileType = text.xcconfig; name = "Pods-xlogviewer.release.xcconfig"; path = "Pods/Target Support Files/Pods-xlogviewer/Pods-xlogviewer.release.xcconfig"; sourceTree = "<group>"; };
		B476360F2019966E00EC5141 /* xlogviewer.app */ = {isa = PBXFileReference; explicitFileType = wrapper.application; includeInIndex = 0; path = xlogviewer.app; sourceTree = BUILT_PRODUCTS_DIR; };
		B47636122019966E00EC5141 /* AppDelegate.swift */ = {isa = PBXFileReference; lastKnownFileType = sourcecode.swift; path = AppDelegate.swift; sourceTree = "<group>"; };
		B47636142019966E00EC5141 /* ViewController.swift */ = {isa = PBXFileReference; lastKnownFileType = sourcecode.swift; path = ViewController.swift; sourceTree = "<group>"; };
		B47636162019966E00EC5141 /* Assets.xcassets */ = {isa = PBXFileReference; lastKnownFileType = folder.assetcatalog; path = Assets.xcassets; sourceTree = "<group>"; };
		B47636192019966E00EC5141 /* Base */ = {isa = PBXFileReference; lastKnownFileType = file.storyboard; name = Base; path = Base.lproj/Main.storyboard; sourceTree = "<group>"; };
		B476361B2019966E00EC5141 /* Info.plist */ = {isa = PBXFileReference; lastKnownFileType = text.plist.xml; path = Info.plist; sourceTree = "<group>"; };
		B476361C2019966E00EC5141 /* xlogviewer.entitlements */ = {isa = PBXFileReference; lastKnownFileType = text.plist.entitlements; path = xlogviewer.entitlements; sourceTree = "<group>"; };
		B4763622201996A200EC5141 /* FileListView.swift */ = {isa = PBXFileReference; fileEncoding = 4; lastKnownFileType = sourcecode.swift; path = FileListView.swift; sourceTree = "<group>"; };
		B47636262019B38D00EC5141 /* PasswordView.swift */ = {isa = PBXFileReference; lastKnownFileType = sourcecode.swift; path = PasswordView.swift; sourceTree = "<group>"; };
		B476362B2019D36300EC5141 /* LogDecoder.swift */ = {isa = PBXFileReference; fileEncoding = 4; lastKnownFileType = sourcecode.swift; path = LogDecoder.swift; sourceTree = "<group>"; };
		B476362C2019D36300EC5141 /* DataCompression.swift */ = {isa = PBXFileReference; fileEncoding = 4; lastKnownFileType = sourcecode.swift; path = DataCompression.swift; sourceTree = "<group>"; };
		B8DAEE5B5D46240C78EF1482 /* Pods-xlogviewer.debug.xcconfig */ = {isa = PBXFileReference; includeInIndex = 1; lastKnownFileType = text.xcconfig; name = "Pods-xlogviewer.debug.xcconfig"; path = "Pods/Target Support Files/Pods-xlogviewer/Pods-xlogviewer.debug.xcconfig"; sourceTree = "<group>"; };
/* End PBXFileReference section */

/* Begin PBXFrameworksBuildPhase section */
		B476360C2019966E00EC5141 /* Frameworks */ = {
			isa = PBXFrameworksBuildPhase;
			buildActionMask = 2147483647;
			files = (
				C88CB213F74E2F114E4C650B /* Pods_xlogviewer.framework in Frameworks */,
			);
			runOnlyForDeploymentPostprocessing = 0;
		};
/* End PBXFrameworksBuildPhase section */

/* Begin PBXGroup section */
		9E32FFD788A15D04BEAC9B01 /* Frameworks */ = {
			isa = PBXGroup;
			children = (
				376A3E47E53C516F8827AE67 /* Pods_xlogviewer.framework */,
			);
			name = Frameworks;
			sourceTree = "<group>";
		};
		B47636062019966E00EC5141 = {
			isa = PBXGroup;
			children = (
				B47636112019966E00EC5141 /* xlogviewer */,
				B47636102019966E00EC5141 /* Products */,
				B968FFC8E41FAD11841EF5C8 /* Pods */,
				9E32FFD788A15D04BEAC9B01 /* Frameworks */,
			);
			sourceTree = "<group>";
		};
		B47636102019966E00EC5141 /* Products */ = {
			isa = PBXGroup;
			children = (
				B476360F2019966E00EC5141 /* xlogviewer.app */,
			);
			name = Products;
			sourceTree = "<group>";
		};
		B47636112019966E00EC5141 /* xlogviewer */ = {
			isa = PBXGroup;
			children = (
				B476362C2019D36300EC5141 /* DataCompression.swift */,
				B476362B2019D36300EC5141 /* LogDecoder.swift */,
				B4763622201996A200EC5141 /* FileListView.swift */,
				B47636122019966E00EC5141 /* AppDelegate.swift */,
				B47636142019966E00EC5141 /* ViewController.swift */,
				B47636162019966E00EC5141 /* Assets.xcassets */,
				B47636182019966E00EC5141 /* Main.storyboard */,
				B476361B2019966E00EC5141 /* Info.plist */,
				B476361C2019966E00EC5141 /* xlogviewer.entitlements */,
				B47636262019B38D00EC5141 /* PasswordView.swift */,
			);
			path = xlogviewer;
			sourceTree = "<group>";
		};
		B968FFC8E41FAD11841EF5C8 /* Pods */ = {
			isa = PBXGroup;
			children = (
				B8DAEE5B5D46240C78EF1482 /* Pods-xlogviewer.debug.xcconfig */,
				A019B5F95BBED0E29CC5F66F /* Pods-xlogviewer.release.xcconfig */,
			);
			name = Pods;
			sourceTree = "<group>";
		};
/* End PBXGroup section */

/* Begin PBXNativeTarget section */
		B476360E2019966E00EC5141 /* xlogviewer */ = {
			isa = PBXNativeTarget;
			buildConfigurationList = B476361F2019966E00EC5141 /* Build configuration list for PBXNativeTarget "xlogviewer" */;
			buildPhases = (
				978CB239E4BB38CD62ED5538 /* [CP] Check Pods Manifest.lock */,
				B476360B2019966E00EC5141 /* Sources */,
				B476360C2019966E00EC5141 /* Frameworks */,
				B476360D2019966E00EC5141 /* Resources */,
				8819B19B7C429089DF138FC5 /* [CP] Embed Pods Frameworks */,
				5515D6EE2F9B67F4A9B03D68 /* [CP] Copy Pods Resources */,
			);
			buildRules = (
			);
			dependencies = (
			);
			name = xlogviewer;
			productName = xlogviewer;
			productReference = B476360F2019966E00EC5141 /* xlogviewer.app */;
			productType = "com.apple.product-type.application";
		};
/* End PBXNativeTarget section */

/* Begin PBXProject section */
		B47636072019966E00EC5141 /* Project object */ = {
			isa = PBXProject;
			attributes = {
				LastSwiftUpdateCheck = 0920;
				LastUpgradeCheck = 0920;
				ORGANIZATIONNAME = com.yunio;
				TargetAttributes = {
					B476360E2019966E00EC5141 = {
						CreatedOnToolsVersion = 9.2;
						ProvisioningStyle = Automatic;
					};
				};
			};
			buildConfigurationList = B476360A2019966E00EC5141 /* Build configuration list for PBXProject "xlogviewer" */;
			compatibilityVersion = "Xcode 8.0";
			developmentRegion = en;
			hasScannedForEncodings = 0;
			knownRegions = (
				en,
				Base,
			);
			mainGroup = B47636062019966E00EC5141;
			productRefGroup = B47636102019966E00EC5141 /* Products */;
			projectDirPath = "";
			projectRoot = "";
			targets = (
				B476360E2019966E00EC5141 /* xlogviewer */,
			);
		};
/* End PBXProject section */

/* Begin PBXResourcesBuildPhase section */
		B476360D2019966E00EC5141 /* Resources */ = {
			isa = PBXResourcesBuildPhase;
			buildActionMask = 2147483647;
			files = (
				B47636172019966E00EC5141 /* Assets.xcassets in Resources */,
				B476361A2019966E00EC5141 /* Main.storyboard in Resources */,
			);
			runOnlyForDeploymentPostprocessing = 0;
		};
/* End PBXResourcesBuildPhase section */

/* Begin PBXShellScriptBuildPhase section */
		5515D6EE2F9B67F4A9B03D68 /* [CP] Copy Pods Resources */ = {
			isa = PBXShellScriptBuildPhase;
			buildActionMask = 2147483647;
			files = (
			);
			inputPaths = (
			);
			name = "[CP] Copy Pods Resources";
			outputPaths = (
			);
			runOnlyForDeploymentPostprocessing = 0;
			shellPath = /bin/sh;
			shellScript = "\"${SRCROOT}/Pods/Target Support Files/Pods-xlogviewer/Pods-xlogviewer-resources.sh\"\n";
			showEnvVarsInLog = 0;
		};
		8819B19B7C429089DF138FC5 /* [CP] Embed Pods Frameworks */ = {
			isa = PBXShellScriptBuildPhase;
			buildActionMask = 2147483647;
			files = (
			);
			inputPaths = (
				"${SRCROOT}/Pods/Target Support Files/Pods-xlogviewer/Pods-xlogviewer-frameworks.sh",
				"${BUILT_PRODUCTS_DIR}/SnapKit/SnapKit.framework",
				"${BUILT_PRODUCTS_DIR}/SwiftHEXColors/SwiftHEXColors.framework",
				"${BUILT_PRODUCTS_DIR}/ZipArchive/ZipArchive.framework",
				"${BUILT_PRODUCTS_DIR}/libCommonCrypto/CommonCrypto.framework",
			);
			name = "[CP] Embed Pods Frameworks";
			outputPaths = (
				"${TARGET_BUILD_DIR}/${FRAMEWORKS_FOLDER_PATH}/SnapKit.framework",
				"${TARGET_BUILD_DIR}/${FRAMEWORKS_FOLDER_PATH}/SwiftHEXColors.framework",
				"${TARGET_BUILD_DIR}/${FRAMEWORKS_FOLDER_PATH}/ZipArchive.framework",
				"${TARGET_BUILD_DIR}/${FRAMEWORKS_FOLDER_PATH}/CommonCrypto.framework",
			);
			runOnlyForDeploymentPostprocessing = 0;
			shellPath = /bin/sh;
			shellScript = "\"${SRCROOT}/Pods/Target Support Files/Pods-xlogviewer/Pods-xlogviewer-frameworks.sh\"\n";
			showEnvVarsInLog = 0;
		};
		978CB239E4BB38CD62ED5538 /* [CP] Check Pods Manifest.lock */ = {
			isa = PBXShellScriptBuildPhase;
			buildActionMask = 2147483647;
			files = (
			);
			inputPaths = (
				"${PODS_PODFILE_DIR_PATH}/Podfile.lock",
				"${PODS_ROOT}/Manifest.lock",
			);
			name = "[CP] Check Pods Manifest.lock";
			outputPaths = (
				"$(DERIVED_FILE_DIR)/Pods-xlogviewer-checkManifestLockResult.txt",
			);
			runOnlyForDeploymentPostprocessing = 0;
			shellPath = /bin/sh;
			shellScript = "diff \"${PODS_PODFILE_DIR_PATH}/Podfile.lock\" \"${PODS_ROOT}/Manifest.lock\" > /dev/null\nif [ $? != 0 ] ; then\n    # print error to STDERR\n    echo \"error: The sandbox is not in sync with the Podfile.lock. Run 'pod install' or update your CocoaPods installation.\" >&2\n    exit 1\nfi\n# This output is used by Xcode 'outputs' to avoid re-running this script phase.\necho \"SUCCESS\" > \"${SCRIPT_OUTPUT_FILE_0}\"\n";
			showEnvVarsInLog = 0;
		};
/* End PBXShellScriptBuildPhase section */

/* Begin PBXSourcesBuildPhase section */
		B476360B2019966E00EC5141 /* Sources */ = {
			isa = PBXSourcesBuildPhase;
			buildActionMask = 2147483647;
			files = (
				B47636152019966E00EC5141 /* ViewController.swift in Sources */,
				B47636132019966E00EC5141 /* AppDelegate.swift in Sources */,
				B476362D2019D36300EC5141 /* LogDecoder.swift in Sources */,
				B4763623201996A200EC5141 /* FileListView.swift in Sources */,
				B476362E2019D36300EC5141 /* DataCompression.swift in Sources */,
				B47636272019B38D00EC5141 /* PasswordView.swift in Sources */,
			);
			runOnlyForDeploymentPostprocessing = 0;
		};
/* End PBXSourcesBuildPhase section */

/* Begin PBXVariantGroup section */
		B47636182019966E00EC5141 /* Main.storyboard */ = {
			isa = PBXVariantGroup;
			children = (
				B47636192019966E00EC5141 /* Base */,
			);
			name = Main.storyboard;
			sourceTree = "<group>";
		};
/* End PBXVariantGroup section */

/* Begin XCBuildConfiguration section */
		B476361D2019966E00EC5141 /* Debug */ = {
			isa = XCBuildConfiguration;
			buildSettings = {
				ALWAYS_SEARCH_USER_PATHS = NO;
				CLANG_ANALYZER_NONNULL = YES;
				CLANG_ANALYZER_NUMBER_OBJECT_CONVERSION = YES_AGGRESSIVE;
				CLANG_CXX_LANGUAGE_STANDARD = "gnu++14";
				CLANG_CXX_LIBRARY = "libc++";
				CLANG_ENABLE_MODULES = YES;
				CLANG_ENABLE_OBJC_ARC = YES;
				CLANG_WARN_BLOCK_CAPTURE_AUTORELEASING = YES;
				CLANG_WARN_BOOL_CONVERSION = YES;
				CLANG_WARN_COMMA = YES;
				CLANG_WARN_CONSTANT_CONVERSION = YES;
				CLANG_WARN_DIRECT_OBJC_ISA_USAGE = YES_ERROR;
				CLANG_WARN_DOCUMENTATION_COMMENTS = YES;
				CLANG_WARN_EMPTY_BODY = YES;
				CLANG_WARN_ENUM_CONVERSION = YES;
				CLANG_WARN_INFINITE_RECURSION = YES;
				CLANG_WARN_INT_CONVERSION = YES;
				CLANG_WARN_NON_LITERAL_NULL_CONVERSION = YES;
				CLANG_WARN_OBJC_LITERAL_CONVERSION = YES;
				CLANG_WARN_OBJC_ROOT_CLASS = YES_ERROR;
				CLANG_WARN_RANGE_LOOP_ANALYSIS = YES;
				CLANG_WARN_STRICT_PROTOTYPES = YES;
				CLANG_WARN_SUSPICIOUS_MOVE = YES;
				CLANG_WARN_UNGUARDED_AVAILABILITY = YES_AGGRESSIVE;
				CLANG_WARN_UNREACHABLE_CODE = YES;
				CLANG_WARN__DUPLICATE_METHOD_MATCH = YES;
				CODE_SIGN_IDENTITY = "-";
				COPY_PHASE_STRIP = NO;
				DEBUG_INFORMATION_FORMAT = dwarf;
				ENABLE_STRICT_OBJC_MSGSEND = YES;
				ENABLE_TESTABILITY = YES;
				GCC_C_LANGUAGE_STANDARD = gnu11;
				GCC_DYNAMIC_NO_PIC = NO;
				GCC_NO_COMMON_BLOCKS = YES;
				GCC_OPTIMIZATION_LEVEL = 0;
				GCC_PREPROCESSOR_DEFINITIONS = (
					"DEBUG=1",
					"$(inherited)",
				);
				GCC_WARN_64_TO_32_BIT_CONVERSION = YES;
				GCC_WARN_ABOUT_RETURN_TYPE = YES_ERROR;
				GCC_WARN_UNDECLARED_SELECTOR = YES;
				GCC_WARN_UNINITIALIZED_AUTOS = YES_AGGRESSIVE;
				GCC_WARN_UNUSED_FUNCTION = YES;
				GCC_WARN_UNUSED_VARIABLE = YES;
				MACOSX_DEPLOYMENT_TARGET = 10.13;
				MTL_ENABLE_DEBUG_INFO = YES;
				ONLY_ACTIVE_ARCH = YES;
				SDKROOT = macosx;
				SWIFT_ACTIVE_COMPILATION_CONDITIONS = DEBUG;
				SWIFT_OPTIMIZATION_LEVEL = "-Onone";
			};
			name = Debug;
		};
		B476361E2019966E00EC5141 /* Release */ = {
			isa = XCBuildConfiguration;
			buildSettings = {
				ALWAYS_SEARCH_USER_PATHS = NO;
				CLANG_ANALYZER_NONNULL = YES;
				CLANG_ANALYZER_NUMBER_OBJECT_CONVERSION = YES_AGGRESSIVE;
				CLANG_CXX_LANGUAGE_STANDARD = "gnu++14";
				CLANG_CXX_LIBRARY = "libc++";
				CLANG_ENABLE_MODULES = YES;
				CLANG_ENABLE_OBJC_ARC = YES;
				CLANG_WARN_BLOCK_CAPTURE_AUTORELEASING = YES;
				CLANG_WARN_BOOL_CONVERSION = YES;
				CLANG_WARN_COMMA = YES;
				CLANG_WARN_CONSTANT_CONVERSION = YES;
				CLANG_WARN_DIRECT_OBJC_ISA_USAGE = YES_ERROR;
				CLANG_WARN_DOCUMENTATION_COMMENTS = YES;
				CLANG_WARN_EMPTY_BODY = YES;
				CLANG_WARN_ENUM_CONVERSION = YES;
				CLANG_WARN_INFINITE_RECURSION = YES;
				CLANG_WARN_INT_CONVERSION = YES;
				CLANG_WARN_NON_LITERAL_NULL_CONVERSION = YES;
				CLANG_WARN_OBJC_LITERAL_CONVERSION = YES;
				CLANG_WARN_OBJC_ROOT_CLASS = YES_ERROR;
				CLANG_WARN_RANGE_LOOP_ANALYSIS = YES;
				CLANG_WARN_STRICT_PROTOTYPES = YES;
				CLANG_WARN_SUSPICIOUS_MOVE = YES;
				CLANG_WARN_UNGUARDED_AVAILABILITY = YES_AGGRESSIVE;
				CLANG_WARN_UNREACHABLE_CODE = YES;
				CLANG_WARN__DUPLICATE_METHOD_MATCH = YES;
				CODE_SIGN_IDENTITY = "-";
				COPY_PHASE_STRIP = NO;
				DEBUG_INFORMATION_FORMAT = "dwarf-with-dsym";
				ENABLE_NS_ASSERTIONS = NO;
				ENABLE_STRICT_OBJC_MSGSEND = YES;
				GCC_C_LANGUAGE_STANDARD = gnu11;
				GCC_NO_COMMON_BLOCKS = YES;
				GCC_WARN_64_TO_32_BIT_CONVERSION = YES;
				GCC_WARN_ABOUT_RETURN_TYPE = YES_ERROR;
				GCC_WARN_UNDECLARED_SELECTOR = YES;
				GCC_WARN_UNINITIALIZED_AUTOS = YES_AGGRESSIVE;
				GCC_WARN_UNUSED_FUNCTION = YES;
				GCC_WARN_UNUSED_VARIABLE = YES;
				MACOSX_DEPLOYMENT_TARGET = 10.13;
				MTL_ENABLE_DEBUG_INFO = NO;
				SDKROOT = macosx;
				SWIFT_OPTIMIZATION_LEVEL = "-Owholemodule";
			};
			name = Release;
		};
		B47636202019966E00EC5141 /* Debug */ = {
			isa = XCBuildConfiguration;
			baseConfigurationReference = B8DAEE5B5D46240C78EF1482 /* Pods-xlogviewer.debug.xcconfig */;
			buildSettings = {
				ASSETCATALOG_COMPILER_APPICON_NAME = AppIcon;
				CODE_SIGN_ENTITLEMENTS = xlogviewer/xlogviewer.entitlements;
				CODE_SIGN_STYLE = Automatic;
				COMBINE_HIDPI_IMAGES = YES;
				INFOPLIST_FILE = xlogviewer/Info.plist;
				LD_RUNPATH_SEARCH_PATHS = "$(inherited) @executable_path/../Frameworks";
				PRODUCT_BUNDLE_IDENTIFIER = com.yunio.xlogviewer;
				PRODUCT_NAME = "$(TARGET_NAME)";
				SWIFT_VERSION = 4.0;
			};
			name = Debug;
		};
		B47636212019966E00EC5141 /* Release */ = {
			isa = XCBuildConfiguration;
			baseConfigurationReference = A019B5F95BBED0E29CC5F66F /* Pods-xlogviewer.release.xcconfig */;
			buildSettings = {
				ASSETCATALOG_COMPILER_APPICON_NAME = AppIcon;
				CODE_SIGN_ENTITLEMENTS = xlogviewer/xlogviewer.entitlements;
				CODE_SIGN_STYLE = Automatic;
				COMBINE_HIDPI_IMAGES = YES;
				INFOPLIST_FILE = xlogviewer/Info.plist;
				LD_RUNPATH_SEARCH_PATHS = "$(inherited) @executable_path/../Frameworks";
				PRODUCT_BUNDLE_IDENTIFIER = com.yunio.xlogviewer;
				PRODUCT_NAME = "$(TARGET_NAME)";
				SWIFT_VERSION = 4.0;
			};
			name = Release;
		};
/* End XCBuildConfiguration section */

/* Begin XCConfigurationList section */
		B476360A2019966E00EC5141 /* Build configuration list for PBXProject "xlogviewer" */ = {
			isa = XCConfigurationList;
			buildConfigurations = (
				B476361D2019966E00EC5141 /* Debug */,
				B476361E2019966E00EC5141 /* Release */,
			);
			defaultConfigurationIsVisible = 0;
			defaultConfigurationName = Release;
		};
		B476361F2019966E00EC5141 /* Build configuration list for PBXNativeTarget "xlogviewer" */ = {
			isa = XCConfigurationList;
			buildConfigurations = (
				B47636202019966E00EC5141 /* Debug */,
				B47636212019966E00EC5141 /* Release */,
			);
			defaultConfigurationIsVisible = 0;
			defaultConfigurationName = Release;
		};
/* End XCConfigurationList section */
	};
	rootObject = B47636072019966E00EC5141 /* Project object */;
}
