// !$*UTF8*$!
{
	archiveVersion = 1;
	classes = {
	};
	objectVersion = 48;
	objects = {

/* Begin PBXBuildFile section */
		90A61164F79AE76CC1802224 /* Pods_xlogviewer.framework in Frameworks */ = {isa = PBXBuildFile; fileRef = 3E39BDD4DE5E8A6F0EA658B5 /* Pods_xlogviewer.framework */; };
		B47635F52018997300EC5141 /* AppDelegate.swift in Sources */ = {isa = PBXBuildFile; fileRef = B47635F42018997300EC5141 /* AppDelegate.swift */; };
		B47635F72018997300EC5141 /* ViewController.swift in Sources */ = {isa = PBXBuildFile; fileRef = B47635F62018997300EC5141 /* ViewController.swift */; };
		B47635F92018997300EC5141 /* Assets.xcassets in Resources */ = {isa = PBXBuildFile; fileRef = B47635F82018997300EC5141 /* Assets.xcassets */; };
		B47635FC2018997300EC5141 /* Main.storyboard in Resources */ = {isa = PBXBuildFile; fileRef = B47635FA2018997300EC5141 /* Main.storyboard */; };
		B4763605201899FD00EC5141 /* FileListView.swift in Sources */ = {isa = PBXBuildFile; fileRef = B4763604201899FD00EC5141 /* FileListView.swift */; };
/* End PBXBuildFile section */

/* Begin PBXFileReference section */
		17393CECD2D2B2AEC6EF3F7E /* Pods-xlogviewer.debug.xcconfig */ = {isa = PBXFileReference; includeInIndex = 1; lastKnownFileType = text.xcconfig; name = "Pods-xlogviewer.debug.xcconfig"; path = "Pods/Target Support Files/Pods-xlogviewer/Pods-xlogviewer.debug.xcconfig"; sourceTree = "<group>"; };
		3E39BDD4DE5E8A6F0EA658B5 /* Pods_xlogviewer.framework */ = {isa = PBXFileReference; explicitFileType = wrapper.framework; includeInIndex = 0; path = Pods_xlogviewer.framework; sourceTree = BUILT_PRODUCTS_DIR; };
		56825E286DEE858B351E05CE /* Pods-xlogviewer.release.xcconfig */ = {isa = PBXFileReference; includeInIndex = 1; lastKnownFileType = text.xcconfig; name = "Pods-xlogviewer.release.xcconfig"; path = "Pods/Target Support Files/Pods-xlogviewer/Pods-xlogviewer.release.xcconfig"; sourceTree = "<group>"; };
		B47635F12018997300EC5141 /* xlogviewer.app */ = {isa = PBXFileReference; explicitFileType = wrapper.application; includeInIndex = 0; path = xlogviewer.app; sourceTree = BUILT_PRODUCTS_DIR; };
		B47635F42018997300EC5141 /* AppDelegate.swift */ = {isa = PBXFileReference; lastKnownFileType = sourcecode.swift; path = AppDelegate.swift; sourceTree = "<group>"; };
		B47635F62018997300EC5141 /* ViewController.swift */ = {isa = PBXFileReference; lastKnownFileType = sourcecode.swift; path = ViewController.swift; sourceTree = "<group>"; };
		B47635F82018997300EC5141 /* Assets.xcassets */ = {isa = PBXFileReference; lastKnownFileType = folder.assetcatalog; path = Assets.xcassets; sourceTree = "<group>"; };
		B47635FB2018997300EC5141 /* Base */ = {isa = PBXFileReference; lastKnownFileType = file.storyboard; name = Base; path = Base.lproj/Main.storyboard; sourceTree = "<group>"; };
		B47635FD2018997300EC5141 /* Info.plist */ = {isa = PBXFileReference; lastKnownFileType = text.plist.xml; path = Info.plist; sourceTree = "<group>"; };
		B47635FE2018997300EC5141 /* xlogviewer.entitlements */ = {isa = PBXFileReference; lastKnownFileType = text.plist.entitlements; path = xlogviewer.entitlements; sourceTree = "<group>"; };
		B4763604201899FD00EC5141 /* FileListView.swift */ = {isa = PBXFileReference; lastKnownFileType = sourcecode.swift; path = FileListView.swift; sourceTree = "<group>"; };
/* End PBXFileReference section */

/* Begin PBXFrameworksBuildPhase section */
		B47635EE2018997300EC5141 /* Frameworks */ = {
			isa = PBXFrameworksBuildPhase;
			buildActionMask = 2147483647;
			files = (
				90A61164F79AE76CC1802224 /* Pods_xlogviewer.framework in Frameworks */,
			);
			runOnlyForDeploymentPostprocessing = 0;
		};
/* End PBXFrameworksBuildPhase section */

/* Begin PBXGroup section */
		25CF7304DCC321DDB3CF7C6F /* Pods */ = {
			isa = PBXGroup;
			children = (
				17393CECD2D2B2AEC6EF3F7E /* Pods-xlogviewer.debug.xcconfig */,
				56825E286DEE858B351E05CE /* Pods-xlogviewer.release.xcconfig */,
			);
			name = Pods;
			sourceTree = "<group>";
		};
		B47635E82018997300EC5141 = {
			isa = PBXGroup;
			children = (
				B47635F32018997300EC5141 /* xlogviewer */,
				B47635F22018997300EC5141 /* Products */,
				25CF7304DCC321DDB3CF7C6F /* Pods */,
				CD78870231C83879171DA23C /* Frameworks */,
			);
			sourceTree = "<group>";
		};
		B47635F22018997300EC5141 /* Products */ = {
			isa = PBXGroup;
			children = (
				B47635F12018997300EC5141 /* xlogviewer.app */,
			);
			name = Products;
			sourceTree = "<group>";
		};
		B47635F32018997300EC5141 /* xlogviewer */ = {
			isa = PBXGroup;
			children = (
				B47635F42018997300EC5141 /* AppDelegate.swift */,
				B47635F62018997300EC5141 /* ViewController.swift */,
				B47635F82018997300EC5141 /* Assets.xcassets */,
				B47635FA2018997300EC5141 /* Main.storyboard */,
				B47635FD2018997300EC5141 /* Info.plist */,
				B47635FE2018997300EC5141 /* xlogviewer.entitlements */,
				B4763604201899FD00EC5141 /* FileListView.swift */,
			);
			path = xlogviewer;
			sourceTree = "<group>";
		};
		CD78870231C83879171DA23C /* Frameworks */ = {
			isa = PBXGroup;
			children = (
				3E39BDD4DE5E8A6F0EA658B5 /* Pods_xlogviewer.framework */,
			);
			name = Frameworks;
			sourceTree = "<group>";
		};
/* End PBXGroup section */

/* Begin PBXNativeTarget section */
		B47635F02018997300EC5141 /* xlogviewer */ = {
			isa = PBXNativeTarget;
			buildConfigurationList = B47636012018997300EC5141 /* Build configuration list for PBXNativeTarget "xlogviewer" */;
			buildPhases = (
				61D5CA4355BCD278A2A5598B /* [CP] Check Pods Manifest.lock */,
				B47635ED2018997300EC5141 /* Sources */,
				B47635EE2018997300EC5141 /* Frameworks */,
				B47635EF2018997300EC5141 /* Resources */,
				1A78A98D2E225E686BA65C6A /* [CP] Embed Pods Frameworks */,
				D6EAE76AF6E842C698CCB9C1 /* [CP] Copy Pods Resources */,
			);
			buildRules = (
			);
			dependencies = (
			);
			name = xlogviewer;
			productName = xlogviewer;
			productReference = B47635F12018997300EC5141 /* xlogviewer.app */;
			productType = "com.apple.product-type.application";
		};
/* End PBXNativeTarget section */

/* Begin PBXProject section */
		B47635E92018997300EC5141 /* Project object */ = {
			isa = PBXProject;
			attributes = {
				LastSwiftUpdateCheck = 0920;
				LastUpgradeCheck = 0920;
				ORGANIZATIONNAME = com.yunio;
				TargetAttributes = {
					B47635F02018997300EC5141 = {
						CreatedOnToolsVersion = 9.2;
						ProvisioningStyle = Automatic;
					};
				};
			};
			buildConfigurationList = B47635EC2018997300EC5141 /* Build configuration list for PBXProject "xlogviewer" */;
			compatibilityVersion = "Xcode 8.0";
			developmentRegion = en;
			hasScannedForEncodings = 0;
			knownRegions = (
				en,
				Base,
			);
			mainGroup = B47635E82018997300EC5141;
			productRefGroup = B47635F22018997300EC5141 /* Products */;
			projectDirPath = "";
			projectRoot = "";
			targets = (
				B47635F02018997300EC5141 /* xlogviewer */,
			);
		};
/* End PBXProject section */

/* Begin PBXResourcesBuildPhase section */
		B47635EF2018997300EC5141 /* Resources */ = {
			isa = PBXResourcesBuildPhase;
			buildActionMask = 2147483647;
			files = (
				B47635F92018997300EC5141 /* Assets.xcassets in Resources */,
				B47635FC2018997300EC5141 /* Main.storyboard in Resources */,
			);
			runOnlyForDeploymentPostprocessing = 0;
		};
/* End PBXResourcesBuildPhase section */

/* Begin PBXShellScriptBuildPhase section */
		1A78A98D2E225E686BA65C6A /* [CP] Embed Pods Frameworks */ = {
			isa = PBXShellScriptBuildPhase;
			buildActionMask = 2147483647;
			files = (
			);
			inputPaths = (
				"${SRCROOT}/Pods/Target Support Files/Pods-xlogviewer/Pods-xlogviewer-frameworks.sh",
				"${BUILT_PRODUCTS_DIR}/SnapKit/SnapKit.framework",
			);
			name = "[CP] Embed Pods Frameworks";
			outputPaths = (
				"${TARGET_BUILD_DIR}/${FRAMEWORKS_FOLDER_PATH}/SnapKit.framework",
			);
			runOnlyForDeploymentPostprocessing = 0;
			shellPath = /bin/sh;
			shellScript = "\"${SRCROOT}/Pods/Target Support Files/Pods-xlogviewer/Pods-xlogviewer-frameworks.sh\"\n";
			showEnvVarsInLog = 0;
		};
		61D5CA4355BCD278A2A5598B /* [CP] Check Pods Manifest.lock */ = {
			isa = PBXShellScriptBuildPhase;
			buildActionMask = 2147483647;
			files = (
			);
			inputPaths = (
				"${PODS_PODFILE_DIR_PATH}/Podfile.lock",
				"${PODS_ROOT}/Manifest.lock",
			);
			name = "[CP] Check Pods Manifest.lock";
			outputPaths = (
				"$(DERIVED_FILE_DIR)/Pods-xlogviewer-checkManifestLockResult.txt",
			);
			runOnlyForDeploymentPostprocessing = 0;
			shellPath = /bin/sh;
			shellScript = "diff \"${PODS_PODFILE_DIR_PATH}/Podfile.lock\" \"${PODS_ROOT}/Manifest.lock\" > /dev/null\nif [ $? != 0 ] ; then\n    # print error to STDERR\n    echo \"error: The sandbox is not in sync with the Podfile.lock. Run 'pod install' or update your CocoaPods installation.\" >&2\n    exit 1\nfi\n# This output is used by Xcode 'outputs' to avoid re-running this script phase.\necho \"SUCCESS\" > \"${SCRIPT_OUTPUT_FILE_0}\"\n";
			showEnvVarsInLog = 0;
		};
		D6EAE76AF6E842C698CCB9C1 /* [CP] Copy Pods Resources */ = {
			isa = PBXShellScriptBuildPhase;
			buildActionMask = 2147483647;
			files = (
			);
			inputPaths = (
			);
			name = "[CP] Copy Pods Resources";
			outputPaths = (
			);
			runOnlyForDeploymentPostprocessing = 0;
			shellPath = /bin/sh;
			shellScript = "\"${SRCROOT}/Pods/Target Support Files/Pods-xlogviewer/Pods-xlogviewer-resources.sh\"\n";
			showEnvVarsInLog = 0;
		};
/* End PBXShellScriptBuildPhase section */

/* Begin PBXSourcesBuildPhase section */
		B47635ED2018997300EC5141 /* Sources */ = {
			isa = PBXSourcesBuildPhase;
			buildActionMask = 2147483647;
			files = (
				B47635F72018997300EC5141 /* ViewController.swift in Sources */,
				B47635F52018997300EC5141 /* AppDelegate.swift in Sources */,
				B4763605201899FD00EC5141 /* FileListView.swift in Sources */,
			);
			runOnlyForDeploymentPostprocessing = 0;
		};
/* End PBXSourcesBuildPhase section */

/* Begin PBXVariantGroup section */
		B47635FA2018997300EC5141 /* Main.storyboard */ = {
			isa = PBXVariantGroup;
			children = (
				B47635FB2018997300EC5141 /* Base */,
			);
			name = Main.storyboard;
			sourceTree = "<group>";
		};
/* End PBXVariantGroup section */

/* Begin XCBuildConfiguration section */
		B47635FF2018997300EC5141 /* Debug */ = {
			isa = XCBuildConfiguration;
			buildSettings = {
				ALWAYS_SEARCH_USER_PATHS = NO;
				CLANG_ANALYZER_NONNULL = YES;
				CLANG_ANALYZER_NUMBER_OBJECT_CONVERSION = YES_AGGRESSIVE;
				CLANG_CXX_LANGUAGE_STANDARD = "gnu++14";
				CLANG_CXX_LIBRARY = "libc++";
				CLANG_ENABLE_MODULES = YES;
				CLANG_ENABLE_OBJC_ARC = YES;
				CLANG_WARN_BLOCK_CAPTURE_AUTORELEASING = YES;
				CLANG_WARN_BOOL_CONVERSION = YES;
				CLANG_WARN_COMMA = YES;
				CLANG_WARN_CONSTANT_CONVERSION = YES;
				CLANG_WARN_DIRECT_OBJC_ISA_USAGE = YES_ERROR;
				CLANG_WARN_DOCUMENTATION_COMMENTS = YES;
				CLANG_WARN_EMPTY_BODY = YES;
				CLANG_WARN_ENUM_CONVERSION = YES;
				CLANG_WARN_INFINITE_RECURSION = YES;
				CLANG_WARN_INT_CONVERSION = YES;
				CLANG_WARN_NON_LITERAL_NULL_CONVERSION = YES;
				CLANG_WARN_OBJC_LITERAL_CONVERSION = YES;
				CLANG_WARN_OBJC_ROOT_CLASS = YES_ERROR;
				CLANG_WARN_RANGE_LOOP_ANALYSIS = YES;
				CLANG_WARN_STRICT_PROTOTYPES = YES;
				CLANG_WARN_SUSPICIOUS_MOVE = YES;
				CLANG_WARN_UNGUARDED_AVAILABILITY = YES_AGGRESSIVE;
				CLANG_WARN_UNREACHABLE_CODE = YES;
				CLANG_WARN__DUPLICATE_METHOD_MATCH = YES;
				CODE_SIGN_IDENTITY = "-";
				COPY_PHASE_STRIP = NO;
				DEBUG_INFORMATION_FORMAT = dwarf;
				ENABLE_STRICT_OBJC_MSGSEND = YES;
				ENABLE_TESTABILITY = YES;
				GCC_C_LANGUAGE_STANDARD = gnu11;
				GCC_DYNAMIC_NO_PIC = NO;
				GCC_NO_COMMON_BLOCKS = YES;
				GCC_OPTIMIZATION_LEVEL = 0;
				GCC_PREPROCESSOR_DEFINITIONS = (
					"DEBUG=1",
					"$(inherited)",
				);
				GCC_WARN_64_TO_32_BIT_CONVERSION = YES;
				GCC_WARN_ABOUT_RETURN_TYPE = YES_ERROR;
				GCC_WARN_UNDECLARED_SELECTOR = YES;
				GCC_WARN_UNINITIALIZED_AUTOS = YES_AGGRESSIVE;
				GCC_WARN_UNUSED_FUNCTION = YES;
				GCC_WARN_UNUSED_VARIABLE = YES;
				MACOSX_DEPLOYMENT_TARGET = 10.13;
				MTL_ENABLE_DEBUG_INFO = YES;
				ONLY_ACTIVE_ARCH = YES;
				SDKROOT = macosx;
				SWIFT_ACTIVE_COMPILATION_CONDITIONS = DEBUG;
				SWIFT_OPTIMIZATION_LEVEL = "-Onone";
			};
			name = Debug;
		};
		B47636002018997300EC5141 /* Release */ = {
			isa = XCBuildConfiguration;
			buildSettings = {
				ALWAYS_SEARCH_USER_PATHS = NO;
				CLANG_ANALYZER_NONNULL = YES;
				CLANG_ANALYZER_NUMBER_OBJECT_CONVERSION = YES_AGGRESSIVE;
				CLANG_CXX_LANGUAGE_STANDARD = "gnu++14";
				CLANG_CXX_LIBRARY = "libc++";
				CLANG_ENABLE_MODULES = YES;
				CLANG_ENABLE_OBJC_ARC = YES;
				CLANG_WARN_BLOCK_CAPTURE_AUTORELEASING = YES;
				CLANG_WARN_BOOL_CONVERSION = YES;
				CLANG_WARN_COMMA = YES;
				CLANG_WARN_CONSTANT_CONVERSION = YES;
				CLANG_WARN_DIRECT_OBJC_ISA_USAGE = YES_ERROR;
				CLANG_WARN_DOCUMENTATION_COMMENTS = YES;
				CLANG_WARN_EMPTY_BODY = YES;
				CLANG_WARN_ENUM_CONVERSION = YES;
				CLANG_WARN_INFINITE_RECURSION = YES;
				CLANG_WARN_INT_CONVERSION = YES;
				CLANG_WARN_NON_LITERAL_NULL_CONVERSION = YES;
				CLANG_WARN_OBJC_LITERAL_CONVERSION = YES;
				CLANG_WARN_OBJC_ROOT_CLASS = YES_ERROR;
				CLANG_WARN_RANGE_LOOP_ANALYSIS = YES;
				CLANG_WARN_STRICT_PROTOTYPES = YES;
				CLANG_WARN_SUSPICIOUS_MOVE = YES;
				CLANG_WARN_UNGUARDED_AVAILABILITY = YES_AGGRESSIVE;
				CLANG_WARN_UNREACHABLE_CODE = YES;
				CLANG_WARN__DUPLICATE_METHOD_MATCH = YES;
				CODE_SIGN_IDENTITY = "-";
				COPY_PHASE_STRIP = NO;
				DEBUG_INFORMATION_FORMAT = "dwarf-with-dsym";
				ENABLE_NS_ASSERTIONS = NO;
				ENABLE_STRICT_OBJC_MSGSEND = YES;
				GCC_C_LANGUAGE_STANDARD = gnu11;
				GCC_NO_COMMON_BLOCKS = YES;
				GCC_WARN_64_TO_32_BIT_CONVERSION = YES;
				GCC_WARN_ABOUT_RETURN_TYPE = YES_ERROR;
				GCC_WARN_UNDECLARED_SELECTOR = YES;
				GCC_WARN_UNINITIALIZED_AUTOS = YES_AGGRESSIVE;
				GCC_WARN_UNUSED_FUNCTION = YES;
				GCC_WARN_UNUSED_VARIABLE = YES;
				MACOSX_DEPLOYMENT_TARGET = 10.13;
				MTL_ENABLE_DEBUG_INFO = NO;
				SDKROOT = macosx;
				SWIFT_OPTIMIZATION_LEVEL = "-Owholemodule";
			};
			name = Release;
		};
		B47636022018997300EC5141 /* Debug */ = {
			isa = XCBuildConfiguration;
			baseConfigurationReference = 17393CECD2D2B2AEC6EF3F7E /* Pods-xlogviewer.debug.xcconfig */;
			buildSettings = {
				ASSETCATALOG_COMPILER_APPICON_NAME = AppIcon;
				CODE_SIGN_ENTITLEMENTS = xlogviewer/xlogviewer.entitlements;
				CODE_SIGN_STYLE = Automatic;
				COMBINE_HIDPI_IMAGES = YES;
				INFOPLIST_FILE = xlogviewer/Info.plist;
				LD_RUNPATH_SEARCH_PATHS = "$(inherited) @executable_path/../Frameworks";
				PRODUCT_BUNDLE_IDENTIFIER = com.yunio.xlogviewer;
				PRODUCT_NAME = "$(TARGET_NAME)";
				SWIFT_VERSION = 4.0;
			};
			name = Debug;
		};
		B47636032018997300EC5141 /* Release */ = {
			isa = XCBuildConfiguration;
			baseConfigurationReference = 56825E286DEE858B351E05CE /* Pods-xlogviewer.release.xcconfig */;
			buildSettings = {
				ASSETCATALOG_COMPILER_APPICON_NAME = AppIcon;
				CODE_SIGN_ENTITLEMENTS = xlogviewer/xlogviewer.entitlements;
				CODE_SIGN_STYLE = Automatic;
				COMBINE_HIDPI_IMAGES = YES;
				INFOPLIST_FILE = xlogviewer/Info.plist;
				LD_RUNPATH_SEARCH_PATHS = "$(inherited) @executable_path/../Frameworks";
				PRODUCT_BUNDLE_IDENTIFIER = com.yunio.xlogviewer;
				PRODUCT_NAME = "$(TARGET_NAME)";
				SWIFT_VERSION = 4.0;
			};
			name = Release;
		};
/* End XCBuildConfiguration section */

/* Begin XCConfigurationList section */
		B47635EC2018997300EC5141 /* Build configuration list for PBXProject "xlogviewer" */ = {
			isa = XCConfigurationList;
			buildConfigurations = (
				B47635FF2018997300EC5141 /* Debug */,
				B47636002018997300EC5141 /* Release */,
			);
			defaultConfigurationIsVisible = 0;
			defaultConfigurationName = Release;
		};
		B47636012018997300EC5141 /* Build configuration list for PBXNativeTarget "xlogviewer" */ = {
			isa = XCConfigurationList;
			buildConfigurations = (
				B47636022018997300EC5141 /* Debug */,
				B47636032018997300EC5141 /* Release */,
			);
			defaultConfigurationIsVisible = 0;
			defaultConfigurationName = Release;
		};
/* End XCConfigurationList section */
	};
	rootObject = B47635E92018997300EC5141 /* Project object */;
}
