// !$*UTF8*$!
{
	archiveVersion = 1;
	classes = {
	};
	objectVersion = 46;
	objects = {

/* Begin PBXBuildFile section */
		28193FB72EE65A8891586119 /* Pods_ios_log.framework in Frameworks */ = {isa = PBXBuildFile; fileRef = 3DDEB29F23BB148A527922AD /* Pods_ios_log.framework */; };
		B46FE1611E5D95C900DB341F /* decode_mars_log_file.py in Resources */ = {isa = PBXBuildFile; fileRef = B46FE1601E5D95C900DB341F /* decode_mars_log_file.py */; };
		B49049BE1E601DC100E7BE01 /* LineNumberRulerView.swift in Sources */ = {isa = PBXBuildFile; fileRef = B49049BD1E601DC100E7BE01 /* LineNumberRulerView.swift */; };
		B49049C21E603D9800E7BE01 /* DeviceSessionHelper.swift in Sources */ = {isa = PBXBuildFile; fileRef = B49049C11E603D9800E7BE01 /* DeviceSessionHelper.swift */; };
		B49EE9181E5AF50A00E357EF /* DragView.swift in Sources */ = {isa = PBXBuildFile; fileRef = B49EE9171E5AF50A00E357EF /* DragView.swift */; };
		B4A737971E56FA960079FA93 /* AppDelegate.swift in Sources */ = {isa = PBXBuildFile; fileRef = B4A737961E56FA960079FA93 /* AppDelegate.swift */; };
		B4A737991E56FA960079FA93 /* Assets.xcassets in Resources */ = {isa = PBXBuildFile; fileRef = B4A737981E56FA960079FA93 /* Assets.xcassets */; };
		B4A7379C1E56FA960079FA93 /* MainMenu.xib in Resources */ = {isa = PBXBuildFile; fileRef = B4A7379A1E56FA960079FA93 /* MainMenu.xib */; };
		B4A737A71E56FBF40079FA93 /* main.c in Sources */ = {isa = PBXBuildFile; fileRef = B4A737A41E56FBF40079FA93 /* main.c */; };
		B4A737A81E56FBF40079FA93 /* MobileDevice.framework in Frameworks */ = {isa = PBXBuildFile; fileRef = B4A737A51E56FBF40079FA93 /* MobileDevice.framework */; };
		B4D87EC71F59495F001C9B13 /* decode_mars_nocrypt_log_file.py in Resources */ = {isa = PBXBuildFile; fileRef = B4D87EC61F59495F001C9B13 /* decode_mars_nocrypt_log_file.py */; };
/* End PBXBuildFile section */

/* Begin PBXFileReference section */
		3DDEB29F23BB148A527922AD /* Pods_ios_log.framework */ = {isa = PBXFileReference; explicitFileType = wrapper.framework; includeInIndex = 0; path = Pods_ios_log.framework; sourceTree = BUILT_PRODUCTS_DIR; };
		44B9F1816DB538157D6187F0 /* Pods-ios_log.debug.xcconfig */ = {isa = PBXFileReference; includeInIndex = 1; lastKnownFileType = text.xcconfig; name = "Pods-ios_log.debug.xcconfig"; path = "Pods/Target Support Files/Pods-ios_log/Pods-ios_log.debug.xcconfig"; sourceTree = "<group>"; };
		73CD5E6B4CD97554A4345CBA /* Pods-ios_log.release.xcconfig */ = {isa = PBXFileReference; includeInIndex = 1; lastKnownFileType = text.xcconfig; name = "Pods-ios_log.release.xcconfig"; path = "Pods/Target Support Files/Pods-ios_log/Pods-ios_log.release.xcconfig"; sourceTree = "<group>"; };
		B46FE1601E5D95C900DB341F /* decode_mars_log_file.py */ = {isa = PBXFileReference; fileEncoding = 4; lastKnownFileType = text.script.python; path = decode_mars_log_file.py; sourceTree = "<group>"; };
		B49049BD1E601DC100E7BE01 /* LineNumberRulerView.swift */ = {isa = PBXFileReference; fileEncoding = 4; lastKnownFileType = sourcecode.swift; path = LineNumberRulerView.swift; sourceTree = "<group>"; };
		B49049C11E603D9800E7BE01 /* DeviceSessionHelper.swift */ = {isa = PBXFileReference; fileEncoding = 4; lastKnownFileType = sourcecode.swift; path = DeviceSessionHelper.swift; sourceTree = "<group>"; };
		B49EE9171E5AF50A00E357EF /* DragView.swift */ = {isa = PBXFileReference; fileEncoding = 4; lastKnownFileType = sourcecode.swift; path = DragView.swift; sourceTree = "<group>"; };
		B4A737931E56FA960079FA93 /* ios_log.app */ = {isa = PBXFileReference; explicitFileType = wrapper.application; includeInIndex = 0; path = ios_log.app; sourceTree = BUILT_PRODUCTS_DIR; };
		B4A737961E56FA960079FA93 /* AppDelegate.swift */ = {isa = PBXFileReference; lastKnownFileType = sourcecode.swift; path = AppDelegate.swift; sourceTree = "<group>"; };
		B4A737981E56FA960079FA93 /* Assets.xcassets */ = {isa = PBXFileReference; lastKnownFileType = folder.assetcatalog; path = Assets.xcassets; sourceTree = "<group>"; };
		B4A7379B1E56FA960079FA93 /* Base */ = {isa = PBXFileReference; lastKnownFileType = file.xib; name = Base; path = Base.lproj/MainMenu.xib; sourceTree = "<group>"; };
		B4A7379D1E56FA960079FA93 /* Info.plist */ = {isa = PBXFileReference; lastKnownFileType = text.plist.xml; path = Info.plist; sourceTree = "<group>"; };
		B4A737A31E56FBF40079FA93 /* ios_log-Bridging-Header.h */ = {isa = PBXFileReference; lastKnownFileType = sourcecode.c.h; path = "ios_log-Bridging-Header.h"; sourceTree = "<group>"; };
		B4A737A41E56FBF40079FA93 /* main.c */ = {isa = PBXFileReference; fileEncoding = 4; lastKnownFileType = sourcecode.c.c; path = main.c; sourceTree = "<group>"; };
		B4A737A51E56FBF40079FA93 /* MobileDevice.framework */ = {isa = PBXFileReference; lastKnownFileType = wrapper.framework; name = MobileDevice.framework; path = ../../../../../../../../System/Library/PrivateFrameworks/MobileDevice.framework; sourceTree = "<group>"; };
		B4A737A61E56FBF40079FA93 /* MobileDevice.h */ = {isa = PBXFileReference; fileEncoding = 4; lastKnownFileType = sourcecode.c.h; path = MobileDevice.h; sourceTree = "<group>"; };
		B4D87EC61F59495F001C9B13 /* decode_mars_nocrypt_log_file.py */ = {isa = PBXFileReference; fileEncoding = 4; lastKnownFileType = text.script.python; path = decode_mars_nocrypt_log_file.py; sourceTree = "<group>"; };
/* End PBXFileReference section */

/* Begin PBXFrameworksBuildPhase section */
		B4A737901E56FA960079FA93 /* Frameworks */ = {
			isa = PBXFrameworksBuildPhase;
			buildActionMask = 2147483647;
			files = (
				B4A737A81E56FBF40079FA93 /* MobileDevice.framework in Frameworks */,
				28193FB72EE65A8891586119 /* Pods_ios_log.framework in Frameworks */,
			);
			runOnlyForDeploymentPostprocessing = 0;
		};
/* End PBXFrameworksBuildPhase section */

/* Begin PBXGroup section */
		4262528BCB7B690879DF8DCE /* Frameworks */ = {
			isa = PBXGroup;
			children = (
				3DDEB29F23BB148A527922AD /* Pods_ios_log.framework */,
			);
			name = Frameworks;
			sourceTree = "<group>";
		};
		82DF37FD197535C92D7CB582 /* Pods */ = {
			isa = PBXGroup;
			children = (
				44B9F1816DB538157D6187F0 /* Pods-ios_log.debug.xcconfig */,
				73CD5E6B4CD97554A4345CBA /* Pods-ios_log.release.xcconfig */,
			);
			name = Pods;
			sourceTree = "<group>";
		};
		B4A7378A1E56FA960079FA93 = {
			isa = PBXGroup;
			children = (
				B4A737951E56FA960079FA93 /* ios_log */,
				B4A737941E56FA960079FA93 /* Products */,
				82DF37FD197535C92D7CB582 /* Pods */,
				4262528BCB7B690879DF8DCE /* Frameworks */,
			);
			sourceTree = "<group>";
		};
		B4A737941E56FA960079FA93 /* Products */ = {
			isa = PBXGroup;
			children = (
				B4A737931E56FA960079FA93 /* ios_log.app */,
			);
			name = Products;
			sourceTree = "<group>";
		};
		B4A737951E56FA960079FA93 /* ios_log */ = {
			isa = PBXGroup;
			children = (
				B4D87EC61F59495F001C9B13 /* decode_mars_nocrypt_log_file.py */,
				B49049BD1E601DC100E7BE01 /* LineNumberRulerView.swift */,
				B46FE1601E5D95C900DB341F /* decode_mars_log_file.py */,
				B4A737A41E56FBF40079FA93 /* main.c */,
				B4A737A51E56FBF40079FA93 /* MobileDevice.framework */,
				B4A737A61E56FBF40079FA93 /* MobileDevice.h */,
				B4A737961E56FA960079FA93 /* AppDelegate.swift */,
				B4A737981E56FA960079FA93 /* Assets.xcassets */,
				B4A7379A1E56FA960079FA93 /* MainMenu.xib */,
				B4A7379D1E56FA960079FA93 /* Info.plist */,
				B4A737A31E56FBF40079FA93 /* ios_log-Bridging-Header.h */,
				B49EE9171E5AF50A00E357EF /* DragView.swift */,
				B49049C11E603D9800E7BE01 /* DeviceSessionHelper.swift */,
			);
			path = ios_log;
			sourceTree = "<group>";
		};
/* End PBXGroup section */

/* Begin PBXNativeTarget section */
		B4A737921E56FA960079FA93 /* ios_log */ = {
			isa = PBXNativeTarget;
			buildConfigurationList = B4A737A01E56FA960079FA93 /* Build configuration list for PBXNativeTarget "ios_log" */;
			buildPhases = (
				691C696B18C2C498347501FF /* [CP] Check Pods Manifest.lock */,
				B4A7378F1E56FA960079FA93 /* Sources */,
				B4A737901E56FA960079FA93 /* Frameworks */,
				B4A737911E56FA960079FA93 /* Resources */,
				4A1739C368F69DB39907236A /* [CP] Embed Pods Frameworks */,
				862AAE8B1272B35FBC05AF79 /* [CP] Copy Pods Resources */,
			);
			buildRules = (
			);
			dependencies = (
			);
			name = ios_log;
			productName = ios_log;
			productReference = B4A737931E56FA960079FA93 /* ios_log.app */;
			productType = "com.apple.product-type.application";
		};
/* End PBXNativeTarget section */

/* Begin PBXProject section */
		B4A7378B1E56FA960079FA93 /* Project object */ = {
			isa = PBXProject;
			attributes = {
				LastSwiftUpdateCheck = 0820;
				LastUpgradeCheck = 0820;
				ORGANIZATIONNAME = stoprain;
				TargetAttributes = {
					B4A737921E56FA960079FA93 = {
						CreatedOnToolsVersion = 8.2.1;
						DevelopmentTeam = 939AKTX25B;
						LastSwiftMigration = 0820;
						ProvisioningStyle = Automatic;
					};
				};
			};
			buildConfigurationList = B4A7378E1E56FA960079FA93 /* Build configuration list for PBXProject "ios_log" */;
			compatibilityVersion = "Xcode 3.2";
			developmentRegion = English;
			hasScannedForEncodings = 0;
			knownRegions = (
				en,
				Base,
			);
			mainGroup = B4A7378A1E56FA960079FA93;
			productRefGroup = B4A737941E56FA960079FA93 /* Products */;
			projectDirPath = "";
			projectRoot = "";
			targets = (
				B4A737921E56FA960079FA93 /* ios_log */,
			);
		};
/* End PBXProject section */

/* Begin PBXResourcesBuildPhase section */
		B4A737911E56FA960079FA93 /* Resources */ = {
			isa = PBXResourcesBuildPhase;
			buildActionMask = 2147483647;
			files = (
				B4A737991E56FA960079FA93 /* Assets.xcassets in Resources */,
				B4A7379C1E56FA960079FA93 /* MainMenu.xib in Resources */,
				B4D87EC71F59495F001C9B13 /* decode_mars_nocrypt_log_file.py in Resources */,
				B46FE1611E5D95C900DB341F /* decode_mars_log_file.py in Resources */,
			);
			runOnlyForDeploymentPostprocessing = 0;
		};
/* End PBXResourcesBuildPhase section */

/* Begin PBXShellScriptBuildPhase section */
		4A1739C368F69DB39907236A /* [CP] Embed Pods Frameworks */ = {
			isa = PBXShellScriptBuildPhase;
			buildActionMask = 2147483647;
			files = (
			);
			inputPaths = (
			);
			name = "[CP] Embed Pods Frameworks";
			outputPaths = (
			);
			runOnlyForDeploymentPostprocessing = 0;
			shellPath = /bin/sh;
			shellScript = "\"${SRCROOT}/Pods/Target Support Files/Pods-ios_log/Pods-ios_log-frameworks.sh\"\n";
			showEnvVarsInLog = 0;
		};
		691C696B18C2C498347501FF /* [CP] Check Pods Manifest.lock */ = {
			isa = PBXShellScriptBuildPhase;
			buildActionMask = 2147483647;
			files = (
			);
			inputPaths = (
			);
			name = "[CP] Check Pods Manifest.lock";
			outputPaths = (
			);
			runOnlyForDeploymentPostprocessing = 0;
			shellPath = /bin/sh;
			shellScript = "diff \"${PODS_ROOT}/../Podfile.lock\" \"${PODS_ROOT}/Manifest.lock\" > /dev/null\nif [ $? != 0 ] ; then\n    # print error to STDERR\n    echo \"error: The sandbox is not in sync with the Podfile.lock. Run 'pod install' or update your CocoaPods installation.\" >&2\n    exit 1\nfi\n";
			showEnvVarsInLog = 0;
		};
		862AAE8B1272B35FBC05AF79 /* [CP] Copy Pods Resources */ = {
			isa = PBXShellScriptBuildPhase;
			buildActionMask = 2147483647;
			files = (
			);
			inputPaths = (
			);
			name = "[CP] Copy Pods Resources";
			outputPaths = (
			);
			runOnlyForDeploymentPostprocessing = 0;
			shellPath = /bin/sh;
			shellScript = "\"${SRCROOT}/Pods/Target Support Files/Pods-ios_log/Pods-ios_log-resources.sh\"\n";
			showEnvVarsInLog = 0;
		};
/* End PBXShellScriptBuildPhase section */

/* Begin PBXSourcesBuildPhase section */
		B4A7378F1E56FA960079FA93 /* Sources */ = {
			isa = PBXSourcesBuildPhase;
			buildActionMask = 2147483647;
			files = (
				B4A737A71E56FBF40079FA93 /* main.c in Sources */,
				B4A737971E56FA960079FA93 /* AppDelegate.swift in Sources */,
				B49049BE1E601DC100E7BE01 /* LineNumberRulerView.swift in Sources */,
				B49EE9181E5AF50A00E357EF /* DragView.swift in Sources */,
				B49049C21E603D9800E7BE01 /* DeviceSessionHelper.swift in Sources */,
			);
			runOnlyForDeploymentPostprocessing = 0;
		};
/* End PBXSourcesBuildPhase section */

/* Begin PBXVariantGroup section */
		B4A7379A1E56FA960079FA93 /* MainMenu.xib */ = {
			isa = PBXVariantGroup;
			children = (
				B4A7379B1E56FA960079FA93 /* Base */,
			);
			name = MainMenu.xib;
			sourceTree = "<group>";
		};
/* End PBXVariantGroup section */

/* Begin XCBuildConfiguration section */
		B4A7379E1E56FA960079FA93 /* Debug */ = {
			isa = XCBuildConfiguration;
			buildSettings = {
				ALWAYS_SEARCH_USER_PATHS = NO;
				CLANG_ANALYZER_NONNULL = YES;
				CLANG_CXX_LANGUAGE_STANDARD = "gnu++0x";
				CLANG_CXX_LIBRARY = "libc++";
				CLANG_ENABLE_MODULES = YES;
				CLANG_ENABLE_OBJC_ARC = YES;
				CLANG_WARN_BOOL_CONVERSION = YES;
				CLANG_WARN_CONSTANT_CONVERSION = YES;
				CLANG_WARN_DIRECT_OBJC_ISA_USAGE = YES_ERROR;
				CLANG_WARN_DOCUMENTATION_COMMENTS = YES;
				CLANG_WARN_EMPTY_BODY = YES;
				CLANG_WARN_ENUM_CONVERSION = YES;
				CLANG_WARN_INFINITE_RECURSION = YES;
				CLANG_WARN_INT_CONVERSION = YES;
				CLANG_WARN_OBJC_ROOT_CLASS = YES_ERROR;
				CLANG_WARN_SUSPICIOUS_MOVE = YES;
				CLANG_WARN_UNREACHABLE_CODE = YES;
				CLANG_WARN__DUPLICATE_METHOD_MATCH = YES;
				CODE_SIGN_IDENTITY = "-";
				COPY_PHASE_STRIP = NO;
				DEBUG_INFORMATION_FORMAT = dwarf;
				ENABLE_STRICT_OBJC_MSGSEND = YES;
				ENABLE_TESTABILITY = YES;
				GCC_C_LANGUAGE_STANDARD = gnu99;
				GCC_DYNAMIC_NO_PIC = NO;
				GCC_NO_COMMON_BLOCKS = YES;
				GCC_OPTIMIZATION_LEVEL = 0;
				GCC_PREPROCESSOR_DEFINITIONS = (
					"DEBUG=1",
					"$(inherited)",
				);
				GCC_WARN_64_TO_32_BIT_CONVERSION = YES;
				GCC_WARN_ABOUT_RETURN_TYPE = YES_ERROR;
				GCC_WARN_UNDECLARED_SELECTOR = YES;
				GCC_WARN_UNINITIALIZED_AUTOS = YES_AGGRESSIVE;
				GCC_WARN_UNUSED_FUNCTION = YES;
				GCC_WARN_UNUSED_VARIABLE = YES;
				MACOSX_DEPLOYMENT_TARGET = 10.12;
				MTL_ENABLE_DEBUG_INFO = YES;
				ONLY_ACTIVE_ARCH = YES;
				SDKROOT = macosx;
				SWIFT_ACTIVE_COMPILATION_CONDITIONS = DEBUG;
				SWIFT_OPTIMIZATION_LEVEL = "-Onone";
			};
			name = Debug;
		};
		B4A7379F1E56FA960079FA93 /* Release */ = {
			isa = XCBuildConfiguration;
			buildSettings = {
				ALWAYS_SEARCH_USER_PATHS = NO;
				CLANG_ANALYZER_NONNULL = YES;
				CLANG_CXX_LANGUAGE_STANDARD = "gnu++0x";
				CLANG_CXX_LIBRARY = "libc++";
				CLANG_ENABLE_MODULES = YES;
				CLANG_ENABLE_OBJC_ARC = YES;
				CLANG_WARN_BOOL_CONVERSION = YES;
				CLANG_WARN_CONSTANT_CONVERSION = YES;
				CLANG_WARN_DIRECT_OBJC_ISA_USAGE = YES_ERROR;
				CLANG_WARN_DOCUMENTATION_COMMENTS = YES;
				CLANG_WARN_EMPTY_BODY = YES;
				CLANG_WARN_ENUM_CONVERSION = YES;
				CLANG_WARN_INFINITE_RECURSION = YES;
				CLANG_WARN_INT_CONVERSION = YES;
				CLANG_WARN_OBJC_ROOT_CLASS = YES_ERROR;
				CLANG_WARN_SUSPICIOUS_MOVE = YES;
				CLANG_WARN_UNREACHABLE_CODE = YES;
				CLANG_WARN__DUPLICATE_METHOD_MATCH = YES;
				CODE_SIGN_IDENTITY = "-";
				COPY_PHASE_STRIP = NO;
				DEBUG_INFORMATION_FORMAT = "dwarf-with-dsym";
				ENABLE_NS_ASSERTIONS = NO;
				ENABLE_STRICT_OBJC_MSGSEND = YES;
				GCC_C_LANGUAGE_STANDARD = gnu99;
				GCC_NO_COMMON_BLOCKS = YES;
				GCC_WARN_64_TO_32_BIT_CONVERSION = YES;
				GCC_WARN_ABOUT_RETURN_TYPE = YES_ERROR;
				GCC_WARN_UNDECLARED_SELECTOR = YES;
				GCC_WARN_UNINITIALIZED_AUTOS = YES_AGGRESSIVE;
				GCC_WARN_UNUSED_FUNCTION = YES;
				GCC_WARN_UNUSED_VARIABLE = YES;
				MACOSX_DEPLOYMENT_TARGET = 10.12;
				MTL_ENABLE_DEBUG_INFO = NO;
				SDKROOT = macosx;
				SWIFT_OPTIMIZATION_LEVEL = "-Owholemodule";
			};
			name = Release;
		};
		B4A737A11E56FA960079FA93 /* Debug */ = {
			isa = XCBuildConfiguration;
			baseConfigurationReference = 44B9F1816DB538157D6187F0 /* Pods-ios_log.debug.xcconfig */;
			buildSettings = {
				ASSETCATALOG_COMPILER_APPICON_NAME = AppIcon;
				CLANG_ENABLE_MODULES = YES;
				CODE_SIGN_IDENTITY = "Mac Developer";
				COMBINE_HIDPI_IMAGES = YES;
				DEVELOPMENT_TEAM = 939AKTX25B;
				FRAMEWORK_SEARCH_PATHS = (
					"$(inherited)",
					"$(SYSTEM_LIBRARY_DIR)/PrivateFrameworks",
				);
				INFOPLIST_FILE = ios_log/Info.plist;
				LD_RUNPATH_SEARCH_PATHS = "$(inherited) @executable_path/../Frameworks";
				PRODUCT_BUNDLE_IDENTIFIER = com.yunio.ioslog;
				PRODUCT_NAME = "$(TARGET_NAME)";
				PROVISIONING_PROFILE_SPECIFIER = "";
				SWIFT_OBJC_BRIDGING_HEADER = "ios_log/ios_log-Bridging-Header.h";
				SWIFT_OPTIMIZATION_LEVEL = "-Onone";
				SWIFT_VERSION = 3.0;
			};
			name = Debug;
		};
		B4A737A21E56FA960079FA93 /* Release */ = {
			isa = XCBuildConfiguration;
			baseConfigurationReference = 73CD5E6B4CD97554A4345CBA /* Pods-ios_log.release.xcconfig */;
			buildSettings = {
				ASSETCATALOG_COMPILER_APPICON_NAME = AppIcon;
				CLANG_ENABLE_MODULES = YES;
				CODE_SIGN_IDENTITY = "Mac Developer";
				COMBINE_HIDPI_IMAGES = YES;
				DEVELOPMENT_TEAM = 939AKTX25B;
				FRAMEWORK_SEARCH_PATHS = (
					"$(inherited)",
					"$(SYSTEM_LIBRARY_DIR)/PrivateFrameworks",
				);
				INFOPLIST_FILE = ios_log/Info.plist;
				LD_RUNPATH_SEARCH_PATHS = "$(inherited) @executable_path/../Frameworks";
				PRODUCT_BUNDLE_IDENTIFIER = com.yunio.ioslog;
				PRODUCT_NAME = "$(TARGET_NAME)";
				PROVISIONING_PROFILE_SPECIFIER = "";
				SWIFT_OBJC_BRIDGING_HEADER = "ios_log/ios_log-Bridging-Header.h";
				SWIFT_VERSION = 3.0;
			};
			name = Release;
		};
/* End XCBuildConfiguration section */

/* Begin XCConfigurationList section */
		B4A7378E1E56FA960079FA93 /* Build configuration list for PBXProject "ios_log" */ = {
			isa = XCConfigurationList;
			buildConfigurations = (
				B4A7379E1E56FA960079FA93 /* Debug */,
				B4A7379F1E56FA960079FA93 /* Release */,
			);
			defaultConfigurationIsVisible = 0;
			defaultConfigurationName = Release;
		};
		B4A737A01E56FA960079FA93 /* Build configuration list for PBXNativeTarget "ios_log" */ = {
			isa = XCConfigurationList;
			buildConfigurations = (
				B4A737A11E56FA960079FA93 /* Debug */,
				B4A737A21E56FA960079FA93 /* Release */,
			);
			defaultConfigurationIsVisible = 0;
			defaultConfigurationName = Release;
		};
/* End XCConfigurationList section */
	};
	rootObject = B4A7378B1E56FA960079FA93 /* Project object */;
}
